
Microsoft Visual Studio Solution File, Format Version 12.00
# Visual Studio 14
VisualStudioVersion = 14.0.23107.0
MinimumVisualStudioVersion = 10.0.40219.1
Project("{FAE04EC0-301F-11D3-BF4B-00C04F79EFBC}") = "SkeletonCode", "SkeletonCode\SkeletonCode.csproj", "{F7AE53B5-3BD7-476A-BA79-484B3EF9406E}"
EndProject
Project("{FAE04EC0-301F-11D3-BF4B-00C04F79EFBC}") = "UnitTests", "UnitTests\UnitTests.csproj", "{FD2CEC5B-9870-45EA-9278-0DB0FD7F0B93}"
EndProject
Project("{E24C65DC-7377-472B-9ABA-BC803B73C61A}") = "JasmineTests", "JasmineTests\", "{8825054A-41FE-4D64-98DE-335BDDBE32E0}"
	ProjectSection(WebsiteProperties) = preProject
		TargetFrameworkMoniker = ".NETFramework,Version%3Dv4.0"
		Debug.AspNetCompiler.VirtualPath = "/localhost_50208"
		Debug.AspNetCompiler.PhysicalPath = "JasmineTests\"
		Debug.AspNetCompiler.TargetPath = "PrecompiledWeb\localhost_50208\"
		Debug.AspNetCompiler.Updateable = "true"
		Debug.AspNetCompiler.ForceOverwrite = "true"
		Debug.AspNetCompiler.FixedNames = "false"
		Debug.AspNetCompiler.Debug = "True"
		Release.AspNetCompiler.VirtualPath = "/localhost_50208"
		Release.AspNetCompiler.PhysicalPath = "JasmineTests\"
		Release.AspNetCompiler.TargetPath = "PrecompiledWeb\localhost_50208\"
		Release.AspNetCompiler.Updateable = "true"
		Release.AspNetCompiler.ForceOverwrite = "true"
		Release.AspNetCompiler.FixedNames = "false"
		Release.AspNetCompiler.Debug = "False"
		VWDPort = "50208"
		SlnRelativePath = "JasmineTests\"
	EndProjectSection
EndProject
Global
	GlobalSection(SolutionConfigurationPlatforms) = preSolution
		Debug|Any CPU = Debug|Any CPU
		Release|Any CPU = Release|Any CPU
	EndGlobalSection
	GlobalSection(ProjectConfigurationPlatforms) = postSolution
		{F7AE53B5-3BD7-476A-BA79-484B3EF9406E}.Debug|Any CPU.ActiveCfg = Debug|Any CPU
		{F7AE53B5-3BD7-476A-BA79-484B3EF9406E}.Debug|Any CPU.Build.0 = Debug|Any CPU
		{F7AE53B5-3BD7-476A-BA79-484B3EF9406E}.Release|Any CPU.ActiveCfg = Release|Any CPU
		{F7AE53B5-3BD7-476A-BA79-484B3EF9406E}.Release|Any CPU.Build.0 = Release|Any CPU
		{FD2CEC5B-9870-45EA-9278-0DB0FD7F0B93}.Debug|Any CPU.ActiveCfg = Debug|Any CPU
		{FD2CEC5B-9870-45EA-9278-0DB0FD7F0B93}.Debug|Any CPU.Build.0 = Debug|Any CPU
		{FD2CEC5B-9870-45EA-9278-0DB0FD7F0B93}.Release|Any CPU.ActiveCfg = Release|Any CPU
		{FD2CEC5B-9870-45EA-9278-0DB0FD7F0B93}.Release|Any CPU.Build.0 = Release|Any CPU
		{8825054A-41FE-4D64-98DE-335BDDBE32E0}.Debug|Any CPU.ActiveCfg = Debug|Any CPU
		{8825054A-41FE-4D64-98DE-335BDDBE32E0}.Debug|Any CPU.Build.0 = Debug|Any CPU
		{8825054A-41FE-4D64-98DE-335BDDBE32E0}.Release|Any CPU.ActiveCfg = Debug|Any CPU
		{8825054A-41FE-4D64-98DE-335BDDBE32E0}.Release|Any CPU.Build.0 = Debug|Any CPU
	EndGlobalSection
	GlobalSection(SolutionProperties) = preSolution
		HideSolutionNode = FALSE
	EndGlobalSection
EndGlobal
